
Microsoft Visual Studio Solution File, Format Version 12.00
# Visual Studio Version 17
VisualStudioVersion = 17.3.32611.2
MinimumVisualStudioVersion = 10.0.40219.1
Project("{9A19103F-16F7-4668-BE54-9A1E7A4F7556}") = "SmidgeApp", "SmidgeApp\SmidgeApp.csproj", "{62FF808D-A2D6-4004-ADAA-E90941DBB7CA}"
EndProject
Project("{9A19103F-16F7-4668-BE54-9A1E7A4F7556}") = "Logging", "Logging\Logging.csproj", "{5E587CDD-568C-4AEE-A36E-CF7336D65742}"
EndProject
Project("{9A19103F-16F7-4668-BE54-9A1E7A4F7556}") = "LoggingNlogLibrary", "LoggingNlogLibrary\LoggingNlogLibrary.csproj", "{23E3ABC6-4A1E-436E-AEDC-2586D733F03C}"
EndProject
Project("{9A19103F-16F7-4668-BE54-9A1E7A4F7556}") = "ErrorHandling", "ErrorHandling\ErrorHandling.csproj", "{C71E7C8F-146F-4245-A089-9CFECE84FE87}"
EndProject
Project("{9A19103F-16F7-4668-BE54-9A1E7A4F7556}") = "AspNetCoreLibrary.FluentValidation.AutoMapper", "FluentValidation\AspNetCoreLibrary.FluentValidation.AutoMapper.csproj", "{5D4A14FC-5427-44A3-A6C8-2B6B126A0D8D}"
EndProject
Project("{9A19103F-16F7-4668-BE54-9A1E7A4F7556}") = "Swagger", "Swagger\Swagger.csproj", "{37FE8A5F-5C72-4177-A92A-F066110C4FD7}"
EndProject
Project("{FAE04EC0-301F-11D3-BF4B-00C04F79EFBC}") = "RateLimit.API", "RateLimit.API\RateLimit.API.csproj", "{5246D71B-3FC2-4A47-AE84-963A19F5F341}"
EndProject
Global
	GlobalSection(SolutionConfigurationPlatforms) = preSolution
		Debug|Any CPU = Debug|Any CPU
		Release|Any CPU = Release|Any CPU
	EndGlobalSection
	GlobalSection(ProjectConfigurationPlatforms) = postSolution
		{62FF808D-A2D6-4004-ADAA-E90941DBB7CA}.Debug|Any CPU.ActiveCfg = Debug|Any CPU
		{62FF808D-A2D6-4004-ADAA-E90941DBB7CA}.Debug|Any CPU.Build.0 = Debug|Any CPU
		{62FF808D-A2D6-4004-ADAA-E90941DBB7CA}.Release|Any CPU.ActiveCfg = Release|Any CPU
		{62FF808D-A2D6-4004-ADAA-E90941DBB7CA}.Release|Any CPU.Build.0 = Release|Any CPU
		{5E587CDD-568C-4AEE-A36E-CF7336D65742}.Debug|Any CPU.ActiveCfg = Debug|Any CPU
		{5E587CDD-568C-4AEE-A36E-CF7336D65742}.Debug|Any CPU.Build.0 = Debug|Any CPU
		{5E587CDD-568C-4AEE-A36E-CF7336D65742}.Release|Any CPU.ActiveCfg = Release|Any CPU
		{5E587CDD-568C-4AEE-A36E-CF7336D65742}.Release|Any CPU.Build.0 = Release|Any CPU
		{23E3ABC6-4A1E-436E-AEDC-2586D733F03C}.Debug|Any CPU.ActiveCfg = Debug|Any CPU
		{23E3ABC6-4A1E-436E-AEDC-2586D733F03C}.Debug|Any CPU.Build.0 = Debug|Any CPU
		{23E3ABC6-4A1E-436E-AEDC-2586D733F03C}.Release|Any CPU.ActiveCfg = Release|Any CPU
		{23E3ABC6-4A1E-436E-AEDC-2586D733F03C}.Release|Any CPU.Build.0 = Release|Any CPU
		{C71E7C8F-146F-4245-A089-9CFECE84FE87}.Debug|Any CPU.ActiveCfg = Debug|Any CPU
		{C71E7C8F-146F-4245-A089-9CFECE84FE87}.Debug|Any CPU.Build.0 = Debug|Any CPU
		{C71E7C8F-146F-4245-A089-9CFECE84FE87}.Release|Any CPU.ActiveCfg = Release|Any CPU
		{C71E7C8F-146F-4245-A089-9CFECE84FE87}.Release|Any CPU.Build.0 = Release|Any CPU
		{5D4A14FC-5427-44A3-A6C8-2B6B126A0D8D}.Debug|Any CPU.ActiveCfg = Debug|Any CPU
		{5D4A14FC-5427-44A3-A6C8-2B6B126A0D8D}.Debug|Any CPU.Build.0 = Debug|Any CPU
		{5D4A14FC-5427-44A3-A6C8-2B6B126A0D8D}.Release|Any CPU.ActiveCfg = Release|Any CPU
		{5D4A14FC-5427-44A3-A6C8-2B6B126A0D8D}.Release|Any CPU.Build.0 = Release|Any CPU
		{37FE8A5F-5C72-4177-A92A-F066110C4FD7}.Debug|Any CPU.ActiveCfg = Debug|Any CPU
		{37FE8A5F-5C72-4177-A92A-F066110C4FD7}.Debug|Any CPU.Build.0 = Debug|Any CPU
		{37FE8A5F-5C72-4177-A92A-F066110C4FD7}.Release|Any CPU.ActiveCfg = Release|Any CPU
		{37FE8A5F-5C72-4177-A92A-F066110C4FD7}.Release|Any CPU.Build.0 = Release|Any CPU
		{5246D71B-3FC2-4A47-AE84-963A19F5F341}.Debug|Any CPU.ActiveCfg = Debug|Any CPU
		{5246D71B-3FC2-4A47-AE84-963A19F5F341}.Debug|Any CPU.Build.0 = Debug|Any CPU
		{5246D71B-3FC2-4A47-AE84-963A19F5F341}.Release|Any CPU.ActiveCfg = Release|Any CPU
		{5246D71B-3FC2-4A47-AE84-963A19F5F341}.Release|Any CPU.Build.0 = Release|Any CPU
	EndGlobalSection
	GlobalSection(SolutionProperties) = preSolution
		HideSolutionNode = FALSE
	EndGlobalSection
	GlobalSection(ExtensibilityGlobals) = postSolution
		SolutionGuid = {480F8A68-215C-43D4-B9F0-FC5954DF5EA1}
	EndGlobalSection
EndGlobal
